
Microsoft Visual Studio Solution File, Format Version 12.00
# Visual Studio Version 16
VisualStudioVersion = 16.0.31911.196
MinimumVisualStudioVersion = 10.0.40219.1
Project("{FAE04EC0-301F-11D3-BF4B-00C04F79EFBC}") = "Loops2.cs", "Loops2.cs\Loops2.cs.csproj", "{EDD2DE1D-5168-4471-945D-2C343940F310}"
EndProject
Global
	GlobalSection(SolutionConfigurationPlatforms) = preSolution
		Debug|Any CPU = Debug|Any CPU
		Release|Any CPU = Release|Any CPU
	EndGlobalSection
	GlobalSection(ProjectConfigurationPlatforms) = postSolution
		{EDD2DE1D-5168-4471-945D-2C343940F310}.Debug|Any CPU.ActiveCfg = Debug|Any CPU
		{EDD2DE1D-5168-4471-945D-2C343940F310}.Debug|Any CPU.Build.0 = Debug|Any CPU
		{EDD2DE1D-5168-4471-945D-2C343940F310}.Release|Any CPU.ActiveCfg = Release|Any CPU
		{EDD2DE1D-5168-4471-945D-2C343940F310}.Release|Any CPU.Build.0 = Release|Any CPU
	EndGlobalSection
	GlobalSection(SolutionProperties) = preSolution
		HideSolutionNode = FALSE
	EndGlobalSection
	GlobalSection(ExtensibilityGlobals) = postSolution
		SolutionGuid = {A2AEC876-E326-4C18-B770-3EA3F744F12A}
	EndGlobalSection
EndGlobal
