
Microsoft Visual Studio Solution File, Format Version 12.00
# Visual Studio Version 16
VisualStudioVersion = 16.0.31911.196
MinimumVisualStudioVersion = 10.0.40219.1
Project("{FAE04EC0-301F-11D3-BF4B-00C04F79EFBC}") = "MetodosLlamada.cs", "MetodosLlamada.cs\MetodosLlamada.cs.csproj", "{B6DC08AB-77DD-46B0-8302-1A671B369078}"
EndProject
Global
	GlobalSection(SolutionConfigurationPlatforms) = preSolution
		Debug|Any CPU = Debug|Any CPU
		Release|Any CPU = Release|Any CPU
	EndGlobalSection
	GlobalSection(ProjectConfigurationPlatforms) = postSolution
		{B6DC08AB-77DD-46B0-8302-1A671B369078}.Debug|Any CPU.ActiveCfg = Debug|Any CPU
		{B6DC08AB-77DD-46B0-8302-1A671B369078}.Debug|Any CPU.Build.0 = Debug|Any CPU
		{B6DC08AB-77DD-46B0-8302-1A671B369078}.Release|Any CPU.ActiveCfg = Release|Any CPU
		{B6DC08AB-77DD-46B0-8302-1A671B369078}.Release|Any CPU.Build.0 = Release|Any CPU
	EndGlobalSection
	GlobalSection(SolutionProperties) = preSolution
		HideSolutionNode = FALSE
	EndGlobalSection
	GlobalSection(ExtensibilityGlobals) = postSolution
		SolutionGuid = {25CAB4CC-9AE5-42E9-B78E-330114307C49}
	EndGlobalSection
EndGlobal
