
Microsoft Visual Studio Solution File, Format Version 12.00
# Visual Studio Version 16
VisualStudioVersion = 16.0.31911.196
MinimumVisualStudioVersion = 10.0.40219.1
Project("{FAE04EC0-301F-11D3-BF4B-00C04F79EFBC}") = "Asignacion 313.cs", "Asignacion 313.cs\Asignacion 313.cs.csproj", "{E2DB8951-6AB7-4D09-801B-D136A590588C}"
EndProject
Global
	GlobalSection(SolutionConfigurationPlatforms) = preSolution
		Debug|Any CPU = Debug|Any CPU
		Release|Any CPU = Release|Any CPU
	EndGlobalSection
	GlobalSection(ProjectConfigurationPlatforms) = postSolution
		{E2DB8951-6AB7-4D09-801B-D136A590588C}.Debug|Any CPU.ActiveCfg = Debug|Any CPU
		{E2DB8951-6AB7-4D09-801B-D136A590588C}.Debug|Any CPU.Build.0 = Debug|Any CPU
		{E2DB8951-6AB7-4D09-801B-D136A590588C}.Release|Any CPU.ActiveCfg = Release|Any CPU
		{E2DB8951-6AB7-4D09-801B-D136A590588C}.Release|Any CPU.Build.0 = Release|Any CPU
	EndGlobalSection
	GlobalSection(SolutionProperties) = preSolution
		HideSolutionNode = FALSE
	EndGlobalSection
	GlobalSection(ExtensibilityGlobals) = postSolution
		SolutionGuid = {0E63BF76-5CBB-4649-894E-8D3E1B7A93E9}
	EndGlobalSection
EndGlobal
