
Microsoft Visual Studio Solution File, Format Version 12.00
# Visual Studio Version 16
VisualStudioVersion = 16.0.31911.196
MinimumVisualStudioVersion = 10.0.40219.1
Project("{FAE04EC0-301F-11D3-BF4B-00C04F79EFBC}") = "TwentyOne.cs", "TwentyOne.cs\TwentyOne.cs.csproj", "{DF939446-339D-4137-96F9-AD367A78EE9A}"
EndProject
Project("{FAE04EC0-301F-11D3-BF4B-00C04F79EFBC}") = "Casino", "Casino\Casino.csproj", "{F008069F-7A43-4B38-91A5-0FA8CDBDB80F}"
EndProject
Global
	GlobalSection(SolutionConfigurationPlatforms) = preSolution
		Debug|Any CPU = Debug|Any CPU
		Release|Any CPU = Release|Any CPU
	EndGlobalSection
	GlobalSection(ProjectConfigurationPlatforms) = postSolution
		{DF939446-339D-4137-96F9-AD367A78EE9A}.Debug|Any CPU.ActiveCfg = Debug|Any CPU
		{DF939446-339D-4137-96F9-AD367A78EE9A}.Debug|Any CPU.Build.0 = Debug|Any CPU
		{DF939446-339D-4137-96F9-AD367A78EE9A}.Release|Any CPU.ActiveCfg = Release|Any CPU
		{DF939446-339D-4137-96F9-AD367A78EE9A}.Release|Any CPU.Build.0 = Release|Any CPU
		{F008069F-7A43-4B38-91A5-0FA8CDBDB80F}.Debug|Any CPU.ActiveCfg = Debug|Any CPU
		{F008069F-7A43-4B38-91A5-0FA8CDBDB80F}.Debug|Any CPU.Build.0 = Debug|Any CPU
		{F008069F-7A43-4B38-91A5-0FA8CDBDB80F}.Release|Any CPU.ActiveCfg = Release|Any CPU
		{F008069F-7A43-4B38-91A5-0FA8CDBDB80F}.Release|Any CPU.Build.0 = Release|Any CPU
	EndGlobalSection
	GlobalSection(SolutionProperties) = preSolution
		HideSolutionNode = FALSE
	EndGlobalSection
	GlobalSection(ExtensibilityGlobals) = postSolution
		SolutionGuid = {7AFBD8D4-2BB1-4844-82AA-8BAC34FEBFC9}
	EndGlobalSection
EndGlobal
