
Microsoft Visual Studio Solution File, Format Version 12.00
# Visual Studio Version 16
VisualStudioVersion = 16.0.32002.261
MinimumVisualStudioVersion = 10.0.40219.1
Project("{FAE04EC0-301F-11D3-BF4B-00C04F79EFBC}") = "CodeFirstNewDatabaseSampleBej", "CodeFirstNewDatabaseSampleBej\CodeFirstNewDatabaseSampleBej.csproj", "{A6AB30FA-A7C8-4A41-9D94-09673092AE79}"
EndProject
Global
	GlobalSection(SolutionConfigurationPlatforms) = preSolution
		Debug|Any CPU = Debug|Any CPU
		Release|Any CPU = Release|Any CPU
	EndGlobalSection
	GlobalSection(ProjectConfigurationPlatforms) = postSolution
		{A6AB30FA-A7C8-4A41-9D94-09673092AE79}.Debug|Any CPU.ActiveCfg = Debug|Any CPU
		{A6AB30FA-A7C8-4A41-9D94-09673092AE79}.Debug|Any CPU.Build.0 = Debug|Any CPU
		{A6AB30FA-A7C8-4A41-9D94-09673092AE79}.Release|Any CPU.ActiveCfg = Release|Any CPU
		{A6AB30FA-A7C8-4A41-9D94-09673092AE79}.Release|Any CPU.Build.0 = Release|Any CPU
	EndGlobalSection
	GlobalSection(SolutionProperties) = preSolution
		HideSolutionNode = FALSE
	EndGlobalSection
	GlobalSection(ExtensibilityGlobals) = postSolution
		SolutionGuid = {84287F01-CC60-4C9C-A825-B155A2954C2B}
	EndGlobalSection
EndGlobal
