
Microsoft Visual Studio Solution File, Format Version 12.00
# Visual Studio Version 16
VisualStudioVersion = 16.0.31911.196
MinimumVisualStudioVersion = 10.0.40219.1
Project("{FAE04EC0-301F-11D3-BF4B-00C04F79EFBC}") = "Asignacion369.cs", "Asignacion369.cs\Asignacion369.cs.csproj", "{CADE5196-1FC4-4F34-AEE8-1720BCD27519}"
EndProject
Global
	GlobalSection(SolutionConfigurationPlatforms) = preSolution
		Debug|Any CPU = Debug|Any CPU
		Release|Any CPU = Release|Any CPU
	EndGlobalSection
	GlobalSection(ProjectConfigurationPlatforms) = postSolution
		{CADE5196-1FC4-4F34-AEE8-1720BCD27519}.Debug|Any CPU.ActiveCfg = Debug|Any CPU
		{CADE5196-1FC4-4F34-AEE8-1720BCD27519}.Debug|Any CPU.Build.0 = Debug|Any CPU
		{CADE5196-1FC4-4F34-AEE8-1720BCD27519}.Release|Any CPU.ActiveCfg = Release|Any CPU
		{CADE5196-1FC4-4F34-AEE8-1720BCD27519}.Release|Any CPU.Build.0 = Release|Any CPU
	EndGlobalSection
	GlobalSection(SolutionProperties) = preSolution
		HideSolutionNode = FALSE
	EndGlobalSection
	GlobalSection(ExtensibilityGlobals) = postSolution
		SolutionGuid = {CD10BBBA-7A57-4CD3-98ED-F2AAEFF505EF}
	EndGlobalSection
EndGlobal
