
Microsoft Visual Studio Solution File, Format Version 12.00
# Visual Studio Version 16
VisualStudioVersion = 16.0.31911.196
MinimumVisualStudioVersion = 10.0.40219.1
Project("{FAE04EC0-301F-11D3-BF4B-00C04F79EFBC}") = "TechAcadStudentsMVC", "TechAcadStudentsMVC\TechAcadStudentsMVC.csproj", "{6ACFA22D-A89A-4EB3-A894-CE53F0AE63B0}"
EndProject
Global
	GlobalSection(SolutionConfigurationPlatforms) = preSolution
		Debug|Any CPU = Debug|Any CPU
		Release|Any CPU = Release|Any CPU
	EndGlobalSection
	GlobalSection(ProjectConfigurationPlatforms) = postSolution
		{6ACFA22D-A89A-4EB3-A894-CE53F0AE63B0}.Debug|Any CPU.ActiveCfg = Debug|Any CPU
		{6ACFA22D-A89A-4EB3-A894-CE53F0AE63B0}.Debug|Any CPU.Build.0 = Debug|Any CPU
		{6ACFA22D-A89A-4EB3-A894-CE53F0AE63B0}.Release|Any CPU.ActiveCfg = Release|Any CPU
		{6ACFA22D-A89A-4EB3-A894-CE53F0AE63B0}.Release|Any CPU.Build.0 = Release|Any CPU
	EndGlobalSection
	GlobalSection(SolutionProperties) = preSolution
		HideSolutionNode = FALSE
	EndGlobalSection
	GlobalSection(ExtensibilityGlobals) = postSolution
		SolutionGuid = {8FAB5150-AD03-4058-961B-1594BF78A8EB}
	EndGlobalSection
EndGlobal
