
Microsoft Visual Studio Solution File, Format Version 12.00
# Visual Studio Version 16
VisualStudioVersion = 16.0.31911.196
MinimumVisualStudioVersion = 10.0.40219.1
Project("{FAE04EC0-301F-11D3-BF4B-00C04F79EFBC}") = "BooleanLogic.cs", "BooleanLogic.cs\BooleanLogic.cs.csproj", "{26AB54A6-B4F1-47A1-8117-B826DD8C3E93}"
EndProject
Global
	GlobalSection(SolutionConfigurationPlatforms) = preSolution
		Debug|Any CPU = Debug|Any CPU
		Release|Any CPU = Release|Any CPU
	EndGlobalSection
	GlobalSection(ProjectConfigurationPlatforms) = postSolution
		{26AB54A6-B4F1-47A1-8117-B826DD8C3E93}.Debug|Any CPU.ActiveCfg = Debug|Any CPU
		{26AB54A6-B4F1-47A1-8117-B826DD8C3E93}.Debug|Any CPU.Build.0 = Debug|Any CPU
		{26AB54A6-B4F1-47A1-8117-B826DD8C3E93}.Release|Any CPU.ActiveCfg = Release|Any CPU
		{26AB54A6-B4F1-47A1-8117-B826DD8C3E93}.Release|Any CPU.Build.0 = Release|Any CPU
	EndGlobalSection
	GlobalSection(SolutionProperties) = preSolution
		HideSolutionNode = FALSE
	EndGlobalSection
	GlobalSection(ExtensibilityGlobals) = postSolution
		SolutionGuid = {1261384D-D643-47EB-82A3-A91DBC3DB3D6}
	EndGlobalSection
EndGlobal
